{
  "name": "app-extension",
  "version": "2.1.13",
  "lockfileVersion": 2,
  "requires": true,
  "packages": {
    "": {
      "name": "app-extension",
      "version": "2.1.13",
      "license": "MIT",
      "dependencies": {
        "automatic-release-asteroid-ui": "2.1.13"
      }
    },
    "node_modules/automatic-release-asteroid-ui": {
      "version": "2.1.13",
      "resolved": "https://registry.npmjs.org/automatic-release-asteroid-ui/-/automatic-release-asteroid-ui-2.1.13.tgz",
      "integrity": "sha512-7HmbQyOLPjlt5TXuk1UhesW15PzrW3aVbJEeuPzCT142V32lFoDvOvlI/o8FBUZvNP/qkX2a20y2D8im3BWj2w=="
    }
  },
  "dependencies": {
    "automatic-release-asteroid-ui": {
      "version": "2.1.13",
      "resolved": "https://registry.npmjs.org/automatic-release-asteroid-ui/-/automatic-release-asteroid-ui-2.1.13.tgz",
      "integrity": "sha512-7HmbQyOLPjlt5TXuk1UhesW15PzrW3aVbJEeuPzCT142V32lFoDvOvlI/o8FBUZvNP/qkX2a20y2D8im3BWj2w=="
    }
  }
}
