{
  "name": "app-extension",
  "version": "2.2.3",
  "lockfileVersion": 2,
  "requires": true,
  "packages": {
    "": {
      "name": "app-extension",
      "version": "2.2.3",
      "license": "MIT",
      "dependencies": {
        "automatic-release-asteroid-ui": "2.2.3"
      }
    },
    "node_modules/automatic-release-asteroid-ui": {
      "version": "2.2.3",
      "resolved": "https://registry.npmjs.org/automatic-release-asteroid-ui/-/automatic-release-asteroid-ui-2.2.3.tgz",
      "integrity": "sha512-2pzUu5nlvxtnUtKH6qakWxLUX+WPyVP4n9B/EeV3FQmVtuofer0g8n4xAsG3bnIySVafB1n/Boq0Zc+eEo9azQ=="
    }
  },
  "dependencies": {
    "automatic-release-asteroid-ui": {
      "version": "2.2.3",
      "resolved": "https://registry.npmjs.org/automatic-release-asteroid-ui/-/automatic-release-asteroid-ui-2.2.3.tgz",
      "integrity": "sha512-2pzUu5nlvxtnUtKH6qakWxLUX+WPyVP4n9B/EeV3FQmVtuofer0g8n4xAsG3bnIySVafB1n/Boq0Zc+eEo9azQ=="
    }
  }
}
