{
  "name": "app-extension",
  "version": "2.2.12",
  "lockfileVersion": 2,
  "requires": true,
  "packages": {
    "": {
      "name": "app-extension",
      "version": "2.2.12",
      "license": "MIT",
      "dependencies": {
        "automatic-release-asteroid-ui": "2.2.12"
      }
    },
    "node_modules/automatic-release-asteroid-ui": {
      "version": "2.2.12",
      "resolved": "https://registry.npmjs.org/automatic-release-asteroid-ui/-/automatic-release-asteroid-ui-2.2.12.tgz",
      "integrity": "sha512-S0qfE40laE+k22DZ6kpGS6RWs6cgp5k8lAkX2jqrCsOq/jeWbXX4vN4RKjLEfSedy1PxajZuLwqllgSLhdZOgw=="
    }
  },
  "dependencies": {
    "automatic-release-asteroid-ui": {
      "version": "2.2.12",
      "resolved": "https://registry.npmjs.org/automatic-release-asteroid-ui/-/automatic-release-asteroid-ui-2.2.12.tgz",
      "integrity": "sha512-S0qfE40laE+k22DZ6kpGS6RWs6cgp5k8lAkX2jqrCsOq/jeWbXX4vN4RKjLEfSedy1PxajZuLwqllgSLhdZOgw=="
    }
  }
}
